# This file is automatically @generated by Cargo.
# It is not intended for manual editing.
[[package]]
name = "anyhow"
version = "1.0.27"
source = "registry+https://github.com/rust-lang/crates.io-index"

[[package]]
name = "anymap"
version = "0.12.1"
source = "registry+https://github.com/rust-lang/crates.io-index"

[[package]]
name = "autocfg"
version = "1.0.0"
source = "registry+https://github.com/rust-lang/crates.io-index"

[[package]]
name = "bincode"
version = "1.2.1"
source = "registry+https://github.com/rust-lang/crates.io-index"
dependencies = [
 "byteorder 1.3.4 (registry+https://github.com/rust-lang/crates.io-index)",
 "serde 1.0.105 (registry+https://github.com/rust-lang/crates.io-index)",
]

[[package]]
name = "boolinator"
version = "2.4.0"
source = "registry+https://github.com/rust-lang/crates.io-index"

[[package]]
name = "bumpalo"
version = "3.2.1"
source = "registry+https://github.com/rust-lang/crates.io-index"

[[package]]
name = "byteorder"
version = "1.3.4"
source = "registry+https://github.com/rust-lang/crates.io-index"

[[package]]
name = "bytes"
version = "0.5.4"
source = "registry+https://github.com/rust-lang/crates.io-index"

[[package]]
name = "cfg-if"
version = "0.1.10"
source = "registry+https://github.com/rust-lang/crates.io-index"

[[package]]
name = "cfg-match"
version = "0.2.1"
source = "registry+https://github.com/rust-lang/crates.io-index"

[[package]]
name = "console_error_panic_hook"
version = "0.1.6"
source = "registry+https://github.com/rust-lang/crates.io-index"
dependencies = [
 "cfg-if 0.1.10 (registry+https://github.com/rust-lang/crates.io-index)",
 "wasm-bindgen 0.2.62 (registry+https://github.com/rust-lang/crates.io-index)",
]

[[package]]
name = "fnv"
version = "1.0.6"
source = "registry+https://github.com/rust-lang/crates.io-index"

[[package]]
name = "futures"
version = "0.3.4"
source = "registry+https://github.com/rust-lang/crates.io-index"
dependencies = [
 "futures-channel 0.3.4 (registry+https://github.com/rust-lang/crates.io-index)",
 "futures-core 0.3.4 (registry+https://github.com/rust-lang/crates.io-index)",
 "futures-executor 0.3.4 (registry+https://github.com/rust-lang/crates.io-index)",
 "futures-io 0.3.4 (registry+https://github.com/rust-lang/crates.io-index)",
 "futures-sink 0.3.4 (registry+https://github.com/rust-lang/crates.io-index)",
 "futures-task 0.3.4 (registry+https://github.com/rust-lang/crates.io-index)",
 "futures-util 0.3.4 (registry+https://github.com/rust-lang/crates.io-index)",
]

[[package]]
name = "futures-channel"
version = "0.3.4"
source = "registry+https://github.com/rust-lang/crates.io-index"
dependencies = [
 "futures-core 0.3.4 (registry+https://github.com/rust-lang/crates.io-index)",
 "futures-sink 0.3.4 (registry+https://github.com/rust-lang/crates.io-index)",
]

[[package]]
name = "futures-core"
version = "0.3.4"
source = "registry+https://github.com/rust-lang/crates.io-index"

[[package]]
name = "futures-executor"
version = "0.3.4"
source = "registry+https://github.com/rust-lang/crates.io-index"
dependencies = [
 "futures-core 0.3.4 (registry+https://github.com/rust-lang/crates.io-index)",
 "futures-task 0.3.4 (registry+https://github.com/rust-lang/crates.io-index)",
 "futures-util 0.3.4 (registry+https://github.com/rust-lang/crates.io-index)",
]

[[package]]
name = "futures-io"
version = "0.3.4"
source = "registry+https://github.com/rust-lang/crates.io-index"

[[package]]
name = "futures-macro"
version = "0.3.4"
source = "registry+https://github.com/rust-lang/crates.io-index"
dependencies = [
 "proc-macro-hack 0.5.14 (registry+https://github.com/rust-lang/crates.io-index)",
 "proc-macro2 1.0.9 (registry+https://github.com/rust-lang/crates.io-index)",
 "quote 1.0.3 (registry+https://github.com/rust-lang/crates.io-index)",
 "syn 1.0.17 (registry+https://github.com/rust-lang/crates.io-index)",
]

[[package]]
name = "futures-sink"
version = "0.3.4"
source = "registry+https://github.com/rust-lang/crates.io-index"

[[package]]
name = "futures-task"
version = "0.3.4"
source = "registry+https://github.com/rust-lang/crates.io-index"

[[package]]
name = "futures-util"
version = "0.3.4"
source = "registry+https://github.com/rust-lang/crates.io-index"
dependencies = [
 "futures-channel 0.3.4 (registry+https://github.com/rust-lang/crates.io-index)",
 "futures-core 0.3.4 (registry+https://github.com/rust-lang/crates.io-index)",
 "futures-io 0.3.4 (registry+https://github.com/rust-lang/crates.io-index)",
 "futures-macro 0.3.4 (registry+https://github.com/rust-lang/crates.io-index)",
 "futures-sink 0.3.4 (registry+https://github.com/rust-lang/crates.io-index)",
 "futures-task 0.3.4 (registry+https://github.com/rust-lang/crates.io-index)",
 "memchr 2.3.3 (registry+https://github.com/rust-lang/crates.io-index)",
 "pin-utils 0.1.0-alpha.4 (registry+https://github.com/rust-lang/crates.io-index)",
 "proc-macro-hack 0.5.14 (registry+https://github.com/rust-lang/crates.io-index)",
 "proc-macro-nested 0.1.4 (registry+https://github.com/rust-lang/crates.io-index)",
 "slab 0.4.2 (registry+https://github.com/rust-lang/crates.io-index)",
]

[[package]]
name = "getrandom"
version = "0.1.14"
source = "registry+https://github.com/rust-lang/crates.io-index"
dependencies = [
 "cfg-if 0.1.10 (registry+https://github.com/rust-lang/crates.io-index)",
 "libc 0.2.68 (registry+https://github.com/rust-lang/crates.io-index)",
 "wasi 0.9.0+wasi-snapshot-preview1 (registry+https://github.com/rust-lang/crates.io-index)",
 "wasm-bindgen 0.2.62 (registry+https://github.com/rust-lang/crates.io-index)",
]

[[package]]
name = "gloo"
version = "0.2.1"
source = "registry+https://github.com/rust-lang/crates.io-index"
dependencies = [
 "gloo-console-timer 0.1.0 (registry+https://github.com/rust-lang/crates.io-index)",
 "gloo-events 0.1.1 (registry+https://github.com/rust-lang/crates.io-index)",
 "gloo-file 0.1.0 (registry+https://github.com/rust-lang/crates.io-index)",
 "gloo-timers 0.2.1 (registry+https://github.com/rust-lang/crates.io-index)",
]

[[package]]
name = "gloo-console-timer"
version = "0.1.0"
source = "registry+https://github.com/rust-lang/crates.io-index"
dependencies = [
 "web-sys 0.3.37 (registry+https://github.com/rust-lang/crates.io-index)",
]

[[package]]
name = "gloo-events"
version = "0.1.1"
source = "registry+https://github.com/rust-lang/crates.io-index"
dependencies = [
 "wasm-bindgen 0.2.62 (registry+https://github.com/rust-lang/crates.io-index)",
 "web-sys 0.3.37 (registry+https://github.com/rust-lang/crates.io-index)",
]

[[package]]
name = "gloo-file"
version = "0.1.0"
source = "registry+https://github.com/rust-lang/crates.io-index"
dependencies = [
 "gloo-events 0.1.1 (registry+https://github.com/rust-lang/crates.io-index)",
 "js-sys 0.3.37 (registry+https://github.com/rust-lang/crates.io-index)",
 "wasm-bindgen 0.2.62 (registry+https://github.com/rust-lang/crates.io-index)",
 "web-sys 0.3.37 (registry+https://github.com/rust-lang/crates.io-index)",
]

[[package]]
name = "gloo-timers"
version = "0.2.1"
source = "registry+https://github.com/rust-lang/crates.io-index"
dependencies = [
 "js-sys 0.3.37 (registry+https://github.com/rust-lang/crates.io-index)",
 "wasm-bindgen 0.2.62 (registry+https://github.com/rust-lang/crates.io-index)",
 "web-sys 0.3.37 (registry+https://github.com/rust-lang/crates.io-index)",
]

[[package]]
name = "http"
version = "0.2.1"
source = "registry+https://github.com/rust-lang/crates.io-index"
dependencies = [
 "bytes 0.5.4 (registry+https://github.com/rust-lang/crates.io-index)",
 "fnv 1.0.6 (registry+https://github.com/rust-lang/crates.io-index)",
 "itoa 0.4.5 (registry+https://github.com/rust-lang/crates.io-index)",
]

[[package]]
name = "indexmap"
version = "1.3.2"
source = "registry+https://github.com/rust-lang/crates.io-index"
dependencies = [
 "autocfg 1.0.0 (registry+https://github.com/rust-lang/crates.io-index)",
]

[[package]]
name = "itoa"
version = "0.4.5"
source = "registry+https://github.com/rust-lang/crates.io-index"

[[package]]
name = "js-sys"
version = "0.3.37"
source = "registry+https://github.com/rust-lang/crates.io-index"
dependencies = [
 "wasm-bindgen 0.2.62 (registry+https://github.com/rust-lang/crates.io-index)",
]

[[package]]
name = "lazy_static"
version = "1.4.0"
source = "registry+https://github.com/rust-lang/crates.io-index"

[[package]]
name = "libc"
version = "0.2.68"
source = "registry+https://github.com/rust-lang/crates.io-index"

[[package]]
name = "log"
version = "0.4.8"
source = "registry+https://github.com/rust-lang/crates.io-index"
dependencies = [
 "cfg-if 0.1.10 (registry+https://github.com/rust-lang/crates.io-index)",
]

[[package]]
name = "memchr"
version = "2.3.3"
source = "registry+https://github.com/rust-lang/crates.io-index"

[[package]]
name = "pin-utils"
version = "0.1.0-alpha.4"
source = "registry+https://github.com/rust-lang/crates.io-index"

[[package]]
name = "ppv-lite86"
version = "0.2.6"
source = "registry+https://github.com/rust-lang/crates.io-index"

[[package]]
name = "proc-macro-hack"
version = "0.5.14"
source = "registry+https://github.com/rust-lang/crates.io-index"

[[package]]
name = "proc-macro-nested"
version = "0.1.4"
source = "registry+https://github.com/rust-lang/crates.io-index"

[[package]]
name = "proc-macro2"
version = "1.0.9"
source = "registry+https://github.com/rust-lang/crates.io-index"
dependencies = [
 "unicode-xid 0.2.0 (registry+https://github.com/rust-lang/crates.io-index)",
]

[[package]]
name = "quote"
version = "1.0.3"
source = "registry+https://github.com/rust-lang/crates.io-index"
dependencies = [
 "proc-macro2 1.0.9 (registry+https://github.com/rust-lang/crates.io-index)",
]

[[package]]
name = "rand"
version = "0.7.3"
source = "registry+https://github.com/rust-lang/crates.io-index"
dependencies = [
 "getrandom 0.1.14 (registry+https://github.com/rust-lang/crates.io-index)",
 "libc 0.2.68 (registry+https://github.com/rust-lang/crates.io-index)",
 "rand_chacha 0.2.2 (registry+https://github.com/rust-lang/crates.io-index)",
 "rand_core 0.5.1 (registry+https://github.com/rust-lang/crates.io-index)",
 "rand_hc 0.2.0 (registry+https://github.com/rust-lang/crates.io-index)",
]

[[package]]
name = "rand_chacha"
version = "0.2.2"
source = "registry+https://github.com/rust-lang/crates.io-index"
dependencies = [
 "ppv-lite86 0.2.6 (registry+https://github.com/rust-lang/crates.io-index)",
 "rand_core 0.5.1 (registry+https://github.com/rust-lang/crates.io-index)",
]

[[package]]
name = "rand_core"
version = "0.5.1"
source = "registry+https://github.com/rust-lang/crates.io-index"
dependencies = [
 "getrandom 0.1.14 (registry+https://github.com/rust-lang/crates.io-index)",
]

[[package]]
name = "rand_hc"
version = "0.2.0"
source = "registry+https://github.com/rust-lang/crates.io-index"
dependencies = [
 "rand_core 0.5.1 (registry+https://github.com/rust-lang/crates.io-index)",
]

[[package]]
name = "ryu"
version = "1.0.3"
source = "registry+https://github.com/rust-lang/crates.io-index"

[[package]]
name = "scoped-tls"
version = "1.0.0"
source = "registry+https://github.com/rust-lang/crates.io-index"

[[package]]
name = "serde"
version = "1.0.105"
source = "registry+https://github.com/rust-lang/crates.io-index"
dependencies = [
 "serde_derive 1.0.105 (registry+https://github.com/rust-lang/crates.io-index)",
]

[[package]]
name = "serde_derive"
version = "1.0.105"
source = "registry+https://github.com/rust-lang/crates.io-index"
dependencies = [
 "proc-macro2 1.0.9 (registry+https://github.com/rust-lang/crates.io-index)",
 "quote 1.0.3 (registry+https://github.com/rust-lang/crates.io-index)",
 "syn 1.0.17 (registry+https://github.com/rust-lang/crates.io-index)",
]

[[package]]
name = "serde_json"
version = "1.0.48"
source = "registry+https://github.com/rust-lang/crates.io-index"
dependencies = [
 "itoa 0.4.5 (registry+https://github.com/rust-lang/crates.io-index)",
 "ryu 1.0.3 (registry+https://github.com/rust-lang/crates.io-index)",
 "serde 1.0.105 (registry+https://github.com/rust-lang/crates.io-index)",
]

[[package]]
name = "slab"
version = "0.4.2"
source = "registry+https://github.com/rust-lang/crates.io-index"

[[package]]
name = "syn"
version = "1.0.17"
source = "registry+https://github.com/rust-lang/crates.io-index"
dependencies = [
 "proc-macro2 1.0.9 (registry+https://github.com/rust-lang/crates.io-index)",
 "quote 1.0.3 (registry+https://github.com/rust-lang/crates.io-index)",
 "unicode-xid 0.2.0 (registry+https://github.com/rust-lang/crates.io-index)",
]

[[package]]
name = "thiserror"
version = "1.0.13"
source = "registry+https://github.com/rust-lang/crates.io-index"
dependencies = [
 "thiserror-impl 1.0.13 (registry+https://github.com/rust-lang/crates.io-index)",
]

[[package]]
name = "thiserror-impl"
version = "1.0.13"
source = "registry+https://github.com/rust-lang/crates.io-index"
dependencies = [
 "proc-macro2 1.0.9 (registry+https://github.com/rust-lang/crates.io-index)",
 "quote 1.0.3 (registry+https://github.com/rust-lang/crates.io-index)",
 "syn 1.0.17 (registry+https://github.com/rust-lang/crates.io-index)",
]

[[package]]
name = "unicode-xid"
version = "0.2.0"
source = "registry+https://github.com/rust-lang/crates.io-index"

[[package]]
name = "wasi"
version = "0.9.0+wasi-snapshot-preview1"
source = "registry+https://github.com/rust-lang/crates.io-index"

[[package]]
name = "wasm-bindgen"
version = "0.2.62"
source = "registry+https://github.com/rust-lang/crates.io-index"
dependencies = [
 "cfg-if 0.1.10 (registry+https://github.com/rust-lang/crates.io-index)",
 "wasm-bindgen-macro 0.2.62 (registry+https://github.com/rust-lang/crates.io-index)",
]

[[package]]
name = "wasm-bindgen-backend"
version = "0.2.62"
source = "registry+https://github.com/rust-lang/crates.io-index"
dependencies = [
 "bumpalo 3.2.1 (registry+https://github.com/rust-lang/crates.io-index)",
 "lazy_static 1.4.0 (registry+https://github.com/rust-lang/crates.io-index)",
 "log 0.4.8 (registry+https://github.com/rust-lang/crates.io-index)",
 "proc-macro2 1.0.9 (registry+https://github.com/rust-lang/crates.io-index)",
 "quote 1.0.3 (registry+https://github.com/rust-lang/crates.io-index)",
 "syn 1.0.17 (registry+https://github.com/rust-lang/crates.io-index)",
 "wasm-bindgen-shared 0.2.62 (registry+https://github.com/rust-lang/crates.io-index)",
]

[[package]]
name = "wasm-bindgen-futures"
version = "0.4.10"
source = "registry+https://github.com/rust-lang/crates.io-index"
dependencies = [
 "cfg-if 0.1.10 (registry+https://github.com/rust-lang/crates.io-index)",
 "js-sys 0.3.37 (registry+https://github.com/rust-lang/crates.io-index)",
 "wasm-bindgen 0.2.62 (registry+https://github.com/rust-lang/crates.io-index)",
 "web-sys 0.3.37 (registry+https://github.com/rust-lang/crates.io-index)",
]

[[package]]
name = "wasm-bindgen-macro"
version = "0.2.62"
source = "registry+https://github.com/rust-lang/crates.io-index"
dependencies = [
 "quote 1.0.3 (registry+https://github.com/rust-lang/crates.io-index)",
 "wasm-bindgen-macro-support 0.2.62 (registry+https://github.com/rust-lang/crates.io-index)",
]

[[package]]
name = "wasm-bindgen-macro-support"
version = "0.2.62"
source = "registry+https://github.com/rust-lang/crates.io-index"
dependencies = [
 "proc-macro2 1.0.9 (registry+https://github.com/rust-lang/crates.io-index)",
 "quote 1.0.3 (registry+https://github.com/rust-lang/crates.io-index)",
 "syn 1.0.17 (registry+https://github.com/rust-lang/crates.io-index)",
 "wasm-bindgen-backend 0.2.62 (registry+https://github.com/rust-lang/crates.io-index)",
 "wasm-bindgen-shared 0.2.62 (registry+https://github.com/rust-lang/crates.io-index)",
]

[[package]]
name = "wasm-bindgen-shared"
version = "0.2.62"
source = "registry+https://github.com/rust-lang/crates.io-index"

[[package]]
name = "wasm-bindgen-test"
version = "0.3.10"
source = "registry+https://github.com/rust-lang/crates.io-index"
dependencies = [
 "console_error_panic_hook 0.1.6 (registry+https://github.com/rust-lang/crates.io-index)",
 "js-sys 0.3.37 (registry+https://github.com/rust-lang/crates.io-index)",
 "scoped-tls 1.0.0 (registry+https://github.com/rust-lang/crates.io-index)",
 "wasm-bindgen 0.2.62 (registry+https://github.com/rust-lang/crates.io-index)",
 "wasm-bindgen-futures 0.4.10 (registry+https://github.com/rust-lang/crates.io-index)",
 "wasm-bindgen-test-macro 0.3.10 (registry+https://github.com/rust-lang/crates.io-index)",
]

[[package]]
name = "wasm-bindgen-test-macro"
version = "0.3.10"
source = "registry+https://github.com/rust-lang/crates.io-index"
dependencies = [
 "proc-macro2 1.0.9 (registry+https://github.com/rust-lang/crates.io-index)",
 "quote 1.0.3 (registry+https://github.com/rust-lang/crates.io-index)",
]

[[package]]
name = "web-sys"
version = "0.3.37"
source = "registry+https://github.com/rust-lang/crates.io-index"
dependencies = [
 "js-sys 0.3.37 (registry+https://github.com/rust-lang/crates.io-index)",
 "wasm-bindgen 0.2.62 (registry+https://github.com/rust-lang/crates.io-index)",
]

[[package]]
name = "yew"
version = "0.16.2"
source = "registry+https://github.com/rust-lang/crates.io-index"
dependencies = [
 "anyhow 1.0.27 (registry+https://github.com/rust-lang/crates.io-index)",
 "anymap 0.12.1 (registry+https://github.com/rust-lang/crates.io-index)",
 "bincode 1.2.1 (registry+https://github.com/rust-lang/crates.io-index)",
 "cfg-if 0.1.10 (registry+https://github.com/rust-lang/crates.io-index)",
 "cfg-match 0.2.1 (registry+https://github.com/rust-lang/crates.io-index)",
 "console_error_panic_hook 0.1.6 (registry+https://github.com/rust-lang/crates.io-index)",
 "futures 0.3.4 (registry+https://github.com/rust-lang/crates.io-index)",
 "gloo 0.2.1 (registry+https://github.com/rust-lang/crates.io-index)",
 "http 0.2.1 (registry+https://github.com/rust-lang/crates.io-index)",
 "indexmap 1.3.2 (registry+https://github.com/rust-lang/crates.io-index)",
 "js-sys 0.3.37 (registry+https://github.com/rust-lang/crates.io-index)",
 "log 0.4.8 (registry+https://github.com/rust-lang/crates.io-index)",
 "proc-macro-hack 0.5.14 (registry+https://github.com/rust-lang/crates.io-index)",
 "proc-macro-nested 0.1.4 (registry+https://github.com/rust-lang/crates.io-index)",
 "ryu 1.0.3 (registry+https://github.com/rust-lang/crates.io-index)",
 "serde 1.0.105 (registry+https://github.com/rust-lang/crates.io-index)",
 "serde_json 1.0.48 (registry+https://github.com/rust-lang/crates.io-index)",
 "slab 0.4.2 (registry+https://github.com/rust-lang/crates.io-index)",
 "thiserror 1.0.13 (registry+https://github.com/rust-lang/crates.io-index)",
 "wasm-bindgen 0.2.62 (registry+https://github.com/rust-lang/crates.io-index)",
 "wasm-bindgen-futures 0.4.10 (registry+https://github.com/rust-lang/crates.io-index)",
 "web-sys 0.3.37 (registry+https://github.com/rust-lang/crates.io-index)",
 "yew-macro 0.16.1 (registry+https://github.com/rust-lang/crates.io-index)",
]

[[package]]
name = "yew-macro"
version = "0.16.1"
source = "registry+https://github.com/rust-lang/crates.io-index"
dependencies = [
 "boolinator 2.4.0 (registry+https://github.com/rust-lang/crates.io-index)",
 "lazy_static 1.4.0 (registry+https://github.com/rust-lang/crates.io-index)",
 "proc-macro-hack 0.5.14 (registry+https://github.com/rust-lang/crates.io-index)",
 "proc-macro2 1.0.9 (registry+https://github.com/rust-lang/crates.io-index)",
 "quote 1.0.3 (registry+https://github.com/rust-lang/crates.io-index)",
 "syn 1.0.17 (registry+https://github.com/rust-lang/crates.io-index)",
]

[[package]]
name = "yew_styles"
version = "0.5.1"
dependencies = [
 "getrandom 0.1.14 (registry+https://github.com/rust-lang/crates.io-index)",
 "rand 0.7.3 (registry+https://github.com/rust-lang/crates.io-index)",
 "wasm-bindgen 0.2.62 (registry+https://github.com/rust-lang/crates.io-index)",
 "wasm-bindgen-test 0.3.10 (registry+https://github.com/rust-lang/crates.io-index)",
 "web-sys 0.3.37 (registry+https://github.com/rust-lang/crates.io-index)",
 "yew 0.16.2 (registry+https://github.com/rust-lang/crates.io-index)",
]

[metadata]
"checksum anyhow 1.0.27 (registry+https://github.com/rust-lang/crates.io-index)" = "013a6e0a2cbe3d20f9c60b65458f7a7f7a5e636c5d0f45a5a6aee5d4b1f01785"
"checksum anymap 0.12.1 (registry+https://github.com/rust-lang/crates.io-index)" = "33954243bd79057c2de7338850b85983a44588021f8a5fee574a8888c6de4344"
"checksum autocfg 1.0.0 (registry+https://github.com/rust-lang/crates.io-index)" = "f8aac770f1885fd7e387acedd76065302551364496e46b3dd00860b2f8359b9d"
"checksum bincode 1.2.1 (registry+https://github.com/rust-lang/crates.io-index)" = "5753e2a71534719bf3f4e57006c3a4f0d2c672a4b676eec84161f763eca87dbf"
"checksum boolinator 2.4.0 (registry+https://github.com/rust-lang/crates.io-index)" = "cfa8873f51c92e232f9bac4065cddef41b714152812bfc5f7672ba16d6ef8cd9"
"checksum bumpalo 3.2.1 (registry+https://github.com/rust-lang/crates.io-index)" = "12ae9db68ad7fac5fe51304d20f016c911539251075a214f8e663babefa35187"
"checksum byteorder 1.3.4 (registry+https://github.com/rust-lang/crates.io-index)" = "08c48aae112d48ed9f069b33538ea9e3e90aa263cfa3d1c24309612b1f7472de"
"checksum bytes 0.5.4 (registry+https://github.com/rust-lang/crates.io-index)" = "130aac562c0dd69c56b3b1cc8ffd2e17be31d0b6c25b61c96b76231aa23e39e1"
"checksum cfg-if 0.1.10 (registry+https://github.com/rust-lang/crates.io-index)" = "4785bdd1c96b2a846b2bd7cc02e86b6b3dbf14e7e53446c4f54c92a361040822"
"checksum cfg-match 0.2.1 (registry+https://github.com/rust-lang/crates.io-index)" = "8100e46ff92eb85bf6dc2930c73f2a4f7176393c84a9446b3d501e1b354e7b34"
"checksum console_error_panic_hook 0.1.6 (registry+https://github.com/rust-lang/crates.io-index)" = "b8d976903543e0c48546a91908f21588a680a8c8f984df9a5d69feccb2b2a211"
"checksum fnv 1.0.6 (registry+https://github.com/rust-lang/crates.io-index)" = "2fad85553e09a6f881f739c29f0b00b0f01357c743266d478b68951ce23285f3"
"checksum futures 0.3.4 (registry+https://github.com/rust-lang/crates.io-index)" = "5c329ae8753502fb44ae4fc2b622fa2a94652c41e795143765ba0927f92ab780"
"checksum futures-channel 0.3.4 (registry+https://github.com/rust-lang/crates.io-index)" = "f0c77d04ce8edd9cb903932b608268b3fffec4163dc053b3b402bf47eac1f1a8"
"checksum futures-core 0.3.4 (registry+https://github.com/rust-lang/crates.io-index)" = "f25592f769825e89b92358db00d26f965761e094951ac44d3663ef25b7ac464a"
"checksum futures-executor 0.3.4 (registry+https://github.com/rust-lang/crates.io-index)" = "f674f3e1bcb15b37284a90cedf55afdba482ab061c407a9c0ebbd0f3109741ba"
"checksum futures-io 0.3.4 (registry+https://github.com/rust-lang/crates.io-index)" = "a638959aa96152c7a4cddf50fcb1e3fede0583b27157c26e67d6f99904090dc6"
"checksum futures-macro 0.3.4 (registry+https://github.com/rust-lang/crates.io-index)" = "9a5081aa3de1f7542a794a397cde100ed903b0630152d0973479018fd85423a7"
"checksum futures-sink 0.3.4 (registry+https://github.com/rust-lang/crates.io-index)" = "3466821b4bc114d95b087b850a724c6f83115e929bc88f1fa98a3304a944c8a6"
"checksum futures-task 0.3.4 (registry+https://github.com/rust-lang/crates.io-index)" = "7b0a34e53cf6cdcd0178aa573aed466b646eb3db769570841fda0c7ede375a27"
"checksum futures-util 0.3.4 (registry+https://github.com/rust-lang/crates.io-index)" = "22766cf25d64306bedf0384da004d05c9974ab104fcc4528f1236181c18004c5"
"checksum getrandom 0.1.14 (registry+https://github.com/rust-lang/crates.io-index)" = "7abc8dd8451921606d809ba32e95b6111925cd2906060d2dcc29c070220503eb"
"checksum gloo 0.2.1 (registry+https://github.com/rust-lang/crates.io-index)" = "68ce6f2dfa9f57f15b848efa2aade5e1850dc72986b87a2b0752d44ca08f4967"
"checksum gloo-console-timer 0.1.0 (registry+https://github.com/rust-lang/crates.io-index)" = "b48675544b29ac03402c6dffc31a912f716e38d19f7e74b78b7e900ec3c941ea"
"checksum gloo-events 0.1.1 (registry+https://github.com/rust-lang/crates.io-index)" = "088514ec8ef284891c762c88a66b639b3a730134714692ee31829765c5bc814f"
"checksum gloo-file 0.1.0 (registry+https://github.com/rust-lang/crates.io-index)" = "8f9fecfe46b5dc3cc46f58e98ba580cc714f2c93860796d002eb3527a465ef49"
"checksum gloo-timers 0.2.1 (registry+https://github.com/rust-lang/crates.io-index)" = "47204a46aaff920a1ea58b11d03dec6f704287d27561724a4631e450654a891f"
"checksum http 0.2.1 (registry+https://github.com/rust-lang/crates.io-index)" = "28d569972648b2c512421b5f2a405ad6ac9666547189d0c5477a3f200f3e02f9"
"checksum indexmap 1.3.2 (registry+https://github.com/rust-lang/crates.io-index)" = "076f042c5b7b98f31d205f1249267e12a6518c1481e9dae9764af19b707d2292"
"checksum itoa 0.4.5 (registry+https://github.com/rust-lang/crates.io-index)" = "b8b7a7c0c47db5545ed3fef7468ee7bb5b74691498139e4b3f6a20685dc6dd8e"
"checksum js-sys 0.3.37 (registry+https://github.com/rust-lang/crates.io-index)" = "6a27d435371a2fa5b6d2b028a74bbdb1234f308da363226a2854ca3ff8ba7055"
"checksum lazy_static 1.4.0 (registry+https://github.com/rust-lang/crates.io-index)" = "e2abad23fbc42b3700f2f279844dc832adb2b2eb069b2df918f455c4e18cc646"
"checksum libc 0.2.68 (registry+https://github.com/rust-lang/crates.io-index)" = "dea0c0405123bba743ee3f91f49b1c7cfb684eef0da0a50110f758ccf24cdff0"
"checksum log 0.4.8 (registry+https://github.com/rust-lang/crates.io-index)" = "14b6052be84e6b71ab17edffc2eeabf5c2c3ae1fdb464aae35ac50c67a44e1f7"
"checksum memchr 2.3.3 (registry+https://github.com/rust-lang/crates.io-index)" = "3728d817d99e5ac407411fa471ff9800a778d88a24685968b36824eaf4bee400"
"checksum pin-utils 0.1.0-alpha.4 (registry+https://github.com/rust-lang/crates.io-index)" = "5894c618ce612a3fa23881b152b608bafb8c56cfc22f434a3ba3120b40f7b587"
"checksum ppv-lite86 0.2.6 (registry+https://github.com/rust-lang/crates.io-index)" = "74490b50b9fbe561ac330df47c08f3f33073d2d00c150f719147d7c54522fa1b"
"checksum proc-macro-hack 0.5.14 (registry+https://github.com/rust-lang/crates.io-index)" = "fcfdefadc3d57ca21cf17990a28ef4c0f7c61383a28cb7604cf4a18e6ede1420"
"checksum proc-macro-nested 0.1.4 (registry+https://github.com/rust-lang/crates.io-index)" = "8e946095f9d3ed29ec38de908c22f95d9ac008e424c7bcae54c75a79c527c694"
"checksum proc-macro2 1.0.9 (registry+https://github.com/rust-lang/crates.io-index)" = "6c09721c6781493a2a492a96b5a5bf19b65917fe6728884e7c44dd0c60ca3435"
"checksum quote 1.0.3 (registry+https://github.com/rust-lang/crates.io-index)" = "2bdc6c187c65bca4260c9011c9e3132efe4909da44726bad24cf7572ae338d7f"
"checksum rand 0.7.3 (registry+https://github.com/rust-lang/crates.io-index)" = "6a6b1679d49b24bbfe0c803429aa1874472f50d9b363131f0e89fc356b544d03"
"checksum rand_chacha 0.2.2 (registry+https://github.com/rust-lang/crates.io-index)" = "f4c8ed856279c9737206bf725bf36935d8666ead7aa69b52be55af369d193402"
"checksum rand_core 0.5.1 (registry+https://github.com/rust-lang/crates.io-index)" = "90bde5296fc891b0cef12a6d03ddccc162ce7b2aff54160af9338f8d40df6d19"
"checksum rand_hc 0.2.0 (registry+https://github.com/rust-lang/crates.io-index)" = "ca3129af7b92a17112d59ad498c6f81eaf463253766b90396d39ea7a39d6613c"
"checksum ryu 1.0.3 (registry+https://github.com/rust-lang/crates.io-index)" = "535622e6be132bccd223f4bb2b8ac8d53cda3c7a6394944d3b2b33fb974f9d76"
"checksum scoped-tls 1.0.0 (registry+https://github.com/rust-lang/crates.io-index)" = "ea6a9290e3c9cf0f18145ef7ffa62d68ee0bf5fcd651017e586dc7fd5da448c2"
"checksum serde 1.0.105 (registry+https://github.com/rust-lang/crates.io-index)" = "e707fbbf255b8fc8c3b99abb91e7257a622caeb20a9818cbadbeeede4e0932ff"
"checksum serde_derive 1.0.105 (registry+https://github.com/rust-lang/crates.io-index)" = "ac5d00fc561ba2724df6758a17de23df5914f20e41cb00f94d5b7ae42fffaff8"
"checksum serde_json 1.0.48 (registry+https://github.com/rust-lang/crates.io-index)" = "9371ade75d4c2d6cb154141b9752cf3781ec9c05e0e5cf35060e1e70ee7b9c25"
"checksum slab 0.4.2 (registry+https://github.com/rust-lang/crates.io-index)" = "c111b5bd5695e56cffe5129854aa230b39c93a305372fdbb2668ca2394eea9f8"
"checksum syn 1.0.17 (registry+https://github.com/rust-lang/crates.io-index)" = "0df0eb663f387145cab623dea85b09c2c5b4b0aef44e945d928e682fce71bb03"
"checksum thiserror 1.0.13 (registry+https://github.com/rust-lang/crates.io-index)" = "e3711fd1c4e75b3eff12ba5c40dba762b6b65c5476e8174c1a664772060c49bf"
"checksum thiserror-impl 1.0.13 (registry+https://github.com/rust-lang/crates.io-index)" = "ae2b85ba4c9aa32dd3343bd80eb8d22e9b54b7688c17ea3907f236885353b233"
"checksum unicode-xid 0.2.0 (registry+https://github.com/rust-lang/crates.io-index)" = "826e7639553986605ec5979c7dd957c7895e93eabed50ab2ffa7f6128a75097c"
"checksum wasi 0.9.0+wasi-snapshot-preview1 (registry+https://github.com/rust-lang/crates.io-index)" = "cccddf32554fecc6acb585f82a32a72e28b48f8c4c1883ddfeeeaa96f7d8e519"
"checksum wasm-bindgen 0.2.62 (registry+https://github.com/rust-lang/crates.io-index)" = "e3c7d40d09cdbf0f4895ae58cf57d92e1e57a9dd8ed2e8390514b54a47cc5551"
"checksum wasm-bindgen-backend 0.2.62 (registry+https://github.com/rust-lang/crates.io-index)" = "c3972e137ebf830900db522d6c8fd74d1900dcfc733462e9a12e942b00b4ac94"
"checksum wasm-bindgen-futures 0.4.10 (registry+https://github.com/rust-lang/crates.io-index)" = "7add542ea1ac7fdaa9dc25e031a6af33b7d63376292bd24140c637d00d1c312a"
"checksum wasm-bindgen-macro 0.2.62 (registry+https://github.com/rust-lang/crates.io-index)" = "2cd85aa2c579e8892442954685f0d801f9129de24fa2136b2c6a539c76b65776"
"checksum wasm-bindgen-macro-support 0.2.62 (registry+https://github.com/rust-lang/crates.io-index)" = "8eb197bd3a47553334907ffd2f16507b4f4f01bbec3ac921a7719e0decdfe72a"
"checksum wasm-bindgen-shared 0.2.62 (registry+https://github.com/rust-lang/crates.io-index)" = "a91c2916119c17a8e316507afaaa2dd94b47646048014bbdf6bef098c1bb58ad"
"checksum wasm-bindgen-test 0.3.10 (registry+https://github.com/rust-lang/crates.io-index)" = "648da3460c6d2aa04b715a936329e2e311180efe650b2127d6267f4193ccac14"
"checksum wasm-bindgen-test-macro 0.3.10 (registry+https://github.com/rust-lang/crates.io-index)" = "cf2f86cd78a2aa7b1fb4bb6ed854eccb7f9263089c79542dca1576a1518a8467"
"checksum web-sys 0.3.37 (registry+https://github.com/rust-lang/crates.io-index)" = "2d6f51648d8c56c366144378a33290049eafdd784071077f6fe37dae64c1c4cb"
"checksum yew 0.16.2 (registry+https://github.com/rust-lang/crates.io-index)" = "fc1e1b60b090bf29758c6c42da2d2d6d54aa97dc73e3ccd1cd99d664b4c754cf"
"checksum yew-macro 0.16.1 (registry+https://github.com/rust-lang/crates.io-index)" = "f1d2fe46d7922ecd99af4e5b4eddcab58c70ec741e31de6e1b910d5873a3095f"
